// !$*UTF8*$!
{
	archiveVersion = 1;
	classes = {
	};
	objectVersion = 46;
	objects = {

/* Begin PBXBuildFile section */
		AA0CF4081BBEE08D0045CB18 /* main.m in Sources */ = {isa = PBXBuildFile; fileRef = AA0CF4071BBEE08D0045CB18 /* main.m */; };
		AA0CF40B1BBEE08D0045CB18 /* AppDelegate.m in Sources */ = {isa = PBXBuildFile; fileRef = AA0CF40A1BBEE08D0045CB18 /* AppDelegate.m */; };
		AA0CF40E1BBEE08D0045CB18 /* ViewController.m in Sources */ = {isa = PBXBuildFile; fileRef = AA0CF40D1BBEE08D0045CB18 /* ViewController.m */; };
		AA0CF4111BBEE08D0045CB18 /* Main.storyboard in Resources */ = {isa = PBXBuildFile; fileRef = AA0CF40F1BBEE08D0045CB18 /* Main.storyboard */; };
		AA0CF4131BBEE08D0045CB18 /* Images.xcassets in Resources */ = {isa = PBXBuildFile; fileRef = AA0CF4121BBEE08D0045CB18 /* Images.xcassets */; };
		AA0CF4161BBEE08D0045CB18 /* LaunchScreen.xib in Resources */ = {isa = PBXBuildFile; fileRef = AA0CF4141BBEE08D0045CB18 /* LaunchScreen.xib */; };
		AA0CF4221BBEE08D0045CB18 /* tipCalculatorTests.m in Sources */ = {isa = PBXBuildFile; fileRef = AA0CF4211BBEE08D0045CB18 /* tipCalculatorTests.m */; };
/* End PBXBuildFile section */

/* Begin PBXContainerItemProxy section */
		AA0CF41C1BBEE08D0045CB18 /* PBXContainerItemProxy */ = {
			isa = PBXContainerItemProxy;
			containerPortal = AA0CF3FA1BBEE08D0045CB18 /* Project object */;
			proxyType = 1;
			remoteGlobalIDString = AA0CF4011BBEE08D0045CB18;
			remoteInfo = tipCalculator;
		};
/* End PBXContainerItemProxy section */

/* Begin PBXFileReference section */
		AA0CF4021BBEE08D0045CB18 /* tipCalculator.app */ = {isa = PBXFileReference; explicitFileType = wrapper.application; includeInIndex = 0; path = tipCalculator.app; sourceTree = BUILT_PRODUCTS_DIR; };
		AA0CF4061BBEE08D0045CB18 /* Info.plist */ = {isa = PBXFileReference; lastKnownFileType = text.plist.xml; path = Info.plist; sourceTree = "<group>"; };
		AA0CF4071BBEE08D0045CB18 /* main.m */ = {isa = PBXFileReference; lastKnownFileType = sourcecode.c.objc; path = main.m; sourceTree = "<group>"; };
		AA0CF4091BBEE08D0045CB18 /* AppDelegate.h */ = {isa = PBXFileReference; lastKnownFileType = sourcecode.c.h; path = AppDelegate.h; sourceTree = "<group>"; };
		AA0CF40A1BBEE08D0045CB18 /* AppDelegate.m */ = {isa = PBXFileReference; lastKnownFileType = sourcecode.c.objc; path = AppDelegate.m; sourceTree = "<group>"; };
		AA0CF40C1BBEE08D0045CB18 /* ViewController.h */ = {isa = PBXFileReference; lastKnownFileType = sourcecode.c.h; path = ViewController.h; sourceTree = "<group>"; };
		AA0CF40D1BBEE08D0045CB18 /* ViewController.m */ = {isa = PBXFileReference; lastKnownFileType = sourcecode.c.objc; path = ViewController.m; sourceTree = "<group>"; };
		AA0CF4101BBEE08D0045CB18 /* Base */ = {isa = PBXFileReference; lastKnownFileType = file.storyboard; name = Base; path = Base.lproj/Main.storyboard; sourceTree = "<group>"; };
		AA0CF4121BBEE08D0045CB18 /* Images.xcassets */ = {isa = PBXFileReference; lastKnownFileType = folder.assetcatalog; path = Images.xcassets; sourceTree = "<group>"; };
		AA0CF4151BBEE08D0045CB18 /* Base */ = {isa = PBXFileReference; lastKnownFileType = file.xib; name = Base; path = Base.lproj/LaunchScreen.xib; sourceTree = "<group>"; };
		AA0CF41B1BBEE08D0045CB18 /* tipCalculatorTests.xctest */ = {isa = PBXFileReference; explicitFileType = wrapper.cfbundle; includeInIndex = 0; path = tipCalculatorTests.xctest; sourceTree = BUILT_PRODUCTS_DIR; };
		AA0CF4201BBEE08D0045CB18 /* Info.plist */ = {isa = PBXFileReference; lastKnownFileType = text.plist.xml; path = Info.plist; sourceTree = "<group>"; };
		AA0CF4211BBEE08D0045CB18 /* tipCalculatorTests.m */ = {isa = PBXFileReference; lastKnownFileType = sourcecode.c.objc; path = tipCalculatorTests.m; sourceTree = "<group>"; };
/* End PBXFileReference section */

/* Begin PBXFrameworksBuildPhase section */
		AA0CF3FF1BBEE08D0045CB18 /* Frameworks */ = {
			isa = PBXFrameworksBuildPhase;
			buildActionMask = 2147483647;
			files = (
			);
			runOnlyForDeploymentPostprocessing = 0;
		};
		AA0CF4181BBEE08D0045CB18 /* Frameworks */ = {
			isa = PBXFrameworksBuildPhase;
			buildActionMask = 2147483647;
			files = (
			);
			runOnlyForDeploymentPostprocessing = 0;
		};
/* End PBXFrameworksBuildPhase section */

/* Begin PBXGroup section */
		AA0CF3F91BBEE08D0045CB18 = {
			isa = PBXGroup;
			children = (
				AA0CF4041BBEE08D0045CB18 /* tipCalculator */,
				AA0CF41E1BBEE08D0045CB18 /* tipCalculatorTests */,
				AA0CF4031BBEE08D0045CB18 /* Products */,
			);
			sourceTree = "<group>";
		};
		AA0CF4031BBEE08D0045CB18 /* Products */ = {
			isa = PBXGroup;
			children = (
				AA0CF4021BBEE08D0045CB18 /* tipCalculator.app */,
				AA0CF41B1BBEE08D0045CB18 /* tipCalculatorTests.xctest */,
			);
			name = Products;
			sourceTree = "<group>";
		};
		AA0CF4041BBEE08D0045CB18 /* tipCalculator */ = {
			isa = PBXGroup;
			children = (
				AA0CF4091BBEE08D0045CB18 /* AppDelegate.h */,
				AA0CF40A1BBEE08D0045CB18 /* AppDelegate.m */,
				AA0CF40C1BBEE08D0045CB18 /* ViewController.h */,
				AA0CF40D1BBEE08D0045CB18 /* ViewController.m */,
				AA0CF40F1BBEE08D0045CB18 /* Main.storyboard */,
				AA0CF4121BBEE08D0045CB18 /* Images.xcassets */,
				AA0CF4141BBEE08D0045CB18 /* LaunchScreen.xib */,
				AA0CF4051BBEE08D0045CB18 /* Supporting Files */,
			);
			path = tipCalculator;
			sourceTree = "<group>";
		};
		AA0CF4051BBEE08D0045CB18 /* Supporting Files */ = {
			isa = PBXGroup;
			children = (
				AA0CF4061BBEE08D0045CB18 /* Info.plist */,
				AA0CF4071BBEE08D0045CB18 /* main.m */,
			);
			name = "Supporting Files";
			sourceTree = "<group>";
		};
		AA0CF41E1BBEE08D0045CB18 /* tipCalculatorTests */ = {
			isa = PBXGroup;
			children = (
				AA0CF4211BBEE08D0045CB18 /* tipCalculatorTests.m */,
				AA0CF41F1BBEE08D0045CB18 /* Supporting Files */,
			);
			path = tipCalculatorTests;
			sourceTree = "<group>";
		};
		AA0CF41F1BBEE08D0045CB18 /* Supporting Files */ = {
			isa = PBXGroup;
			children = (
				AA0CF4201BBEE08D0045CB18 /* Info.plist */,
			);
			name = "Supporting Files";
			sourceTree = "<group>";
		};
/* End PBXGroup section */

/* Begin PBXNativeTarget section */
		AA0CF4011BBEE08D0045CB18 /* tipCalculator */ = {
			isa = PBXNativeTarget;
			buildConfigurationList = AA0CF4251BBEE08D0045CB18 /* Build configuration list for PBXNativeTarget "tipCalculator" */;
			buildPhases = (
				AA0CF3FE1BBEE08D0045CB18 /* Sources */,
				AA0CF3FF1BBEE08D0045CB18 /* Frameworks */,
				AA0CF4001BBEE08D0045CB18 /* Resources */,
			);
			buildRules = (
			);
			dependencies = (
			);
			name = tipCalculator;
			productName = tipCalculator;
			productReference = AA0CF4021BBEE08D0045CB18 /* tipCalculator.app */;
			productType = "com.apple.product-type.application";
		};
		AA0CF41A1BBEE08D0045CB18 /* tipCalculatorTests */ = {
			isa = PBXNativeTarget;
			buildConfigurationList = AA0CF4281BBEE08D0045CB18 /* Build configuration list for PBXNativeTarget "tipCalculatorTests" */;
			buildPhases = (
				AA0CF4171BBEE08D0045CB18 /* Sources */,
				AA0CF4181BBEE08D0045CB18 /* Frameworks */,
				AA0CF4191BBEE08D0045CB18 /* Resources */,
			);
			buildRules = (
			);
			dependencies = (
				AA0CF41D1BBEE08D0045CB18 /* PBXTargetDependency */,
			);
			name = tipCalculatorTests;
			productName = tipCalculatorTests;
			productReference = AA0CF41B1BBEE08D0045CB18 /* tipCalculatorTests.xctest */;
			productType = "com.apple.product-type.bundle.unit-test";
		};
/* End PBXNativeTarget section */

/* Begin PBXProject section */
		AA0CF3FA1BBEE08D0045CB18 /* Project object */ = {
			isa = PBXProject;
			attributes = {
				LastUpgradeCheck = 0640;
				ORGANIZATIONNAME = "Steve Mitchell";
				TargetAttributes = {
					AA0CF4011BBEE08D0045CB18 = {
						CreatedOnToolsVersion = 6.4;
					};
					AA0CF41A1BBEE08D0045CB18 = {
						CreatedOnToolsVersion = 6.4;
						TestTargetID = AA0CF4011BBEE08D0045CB18;
					};
				};
			};
			buildConfigurationList = AA0CF3FD1BBEE08D0045CB18 /* Build configuration list for PBXProject "tipCalculator" */;
			compatibilityVersion = "Xcode 3.2";
			developmentRegion = English;
			hasScannedForEncodings = 0;
			knownRegions = (
				en,
				Base,
			);
			mainGroup = AA0CF3F91BBEE08D0045CB18;
			productRefGroup = AA0CF4031BBEE08D0045CB18 /* Products */;
			projectDirPath = "";
			projectRoot = "";
			targets = (
				AA0CF4011BBEE08D0045CB18 /* tipCalculator */,
				AA0CF41A1BBEE08D0045CB18 /* tipCalculatorTests */,
			);
		};
/* End PBXProject section */

/* Begin PBXResourcesBuildPhase section */
		AA0CF4001BBEE08D0045CB18 /* Resources */ = {
			isa = PBXResourcesBuildPhase;
			buildActionMask = 2147483647;
			files = (
				AA0CF4111BBEE08D0045CB18 /* Main.storyboard in Resources */,
				AA0CF4161BBEE08D0045CB18 /* LaunchScreen.xib in Resources */,
				AA0CF4131BBEE08D0045CB18 /* Images.xcassets in Resources */,
			);
			runOnlyForDeploymentPostprocessing = 0;
		};
		AA0CF4191BBEE08D0045CB18 /* Resources */ = {
			isa = PBXResourcesBuildPhase;
			buildActionMask = 2147483647;
			files = (
			);
			runOnlyForDeploymentPostprocessing = 0;
		};
/* End PBXResourcesBuildPhase section */

/* Begin PBXSourcesBuildPhase section */
		AA0CF3FE1BBEE08D0045CB18 /* Sources */ = {
			isa = PBXSourcesBuildPhase;
			buildActionMask = 2147483647;
			files = (
				AA0CF40E1BBEE08D0045CB18 /* ViewController.m in Sources */,
				AA0CF40B1BBEE08D0045CB18 /* AppDelegate.m in Sources */,
				AA0CF4081BBEE08D0045CB18 /* main.m in Sources */,
			);
			runOnlyForDeploymentPostprocessing = 0;
		};
		AA0CF4171BBEE08D0045CB18 /* Sources */ = {
			isa = PBXSourcesBuildPhase;
			buildActionMask = 2147483647;
			files = (
				AA0CF4221BBEE08D0045CB18 /* tipCalculatorTests.m in Sources */,
			);
			runOnlyForDeploymentPostprocessing = 0;
		};
/* End PBXSourcesBuildPhase section */

/* Begin PBXTargetDependency section */
		AA0CF41D1BBEE08D0045CB18 /* PBXTargetDependency */ = {
			isa = PBXTargetDependency;
			target = AA0CF4011BBEE08D0045CB18 /* tipCalculator */;
			targetProxy = AA0CF41C1BBEE08D0045CB18 /* PBXContainerItemProxy */;
		};
/* End PBXTargetDependency section */

/* Begin PBXVariantGroup section */
		AA0CF40F1BBEE08D0045CB18 /* Main.storyboard */ = {
			isa = PBXVariantGroup;
			children = (
				AA0CF4101BBEE08D0045CB18 /* Base */,
			);
			name = Main.storyboard;
			sourceTree = "<group>";
		};
		AA0CF4141BBEE08D0045CB18 /* LaunchScreen.xib */ = {
			isa = PBXVariantGroup;
			children = (
				AA0CF4151BBEE08D0045CB18 /* Base */,
			);
			name = LaunchScreen.xib;
			sourceTree = "<group>";
		};
/* End PBXVariantGroup section */

/* Begin XCBuildConfiguration section */
		AA0CF4231BBEE08D0045CB18 /* Debug */ = {
			isa = XCBuildConfiguration;
			buildSettings = {
				ALWAYS_SEARCH_USER_PATHS = NO;
				CLANG_CXX_LANGUAGE_STANDARD = "gnu++0x";
				CLANG_CXX_LIBRARY = "libc++";
				CLANG_ENABLE_MODULES = YES;
				CLANG_ENABLE_OBJC_ARC = YES;
				CLANG_WARN_BOOL_CONVERSION = YES;
				CLANG_WARN_CONSTANT_CONVERSION = YES;
				CLANG_WARN_DIRECT_OBJC_ISA_USAGE = YES_ERROR;
				CLANG_WARN_EMPTY_BODY = YES;
				CLANG_WARN_ENUM_CONVERSION = YES;
				CLANG_WARN_INT_CONVERSION = YES;
				CLANG_WARN_OBJC_ROOT_CLASS = YES_ERROR;
				CLANG_WARN_UNREACHABLE_CODE = YES;
				CLANG_WARN__DUPLICATE_METHOD_MATCH = YES;
				"CODE_SIGN_IDENTITY[sdk=iphoneos*]" = "iPhone Developer";
				COPY_PHASE_STRIP = NO;
				DEBUG_INFORMATION_FORMAT = "dwarf-with-dsym";
				ENABLE_STRICT_OBJC_MSGSEND = YES;
				GCC_C_LANGUAGE_STANDARD = gnu99;
				GCC_DYNAMIC_NO_PIC = NO;
				GCC_NO_COMMON_BLOCKS = YES;
				GCC_OPTIMIZATION_LEVEL = 0;
				GCC_PREPROCESSOR_DEFINITIONS = (
					"DEBUG=1",
					"$(inherited)",
				);
				GCC_SYMBOLS_PRIVATE_EXTERN = NO;
				GCC_WARN_64_TO_32_BIT_CONVERSION = YES;
				GCC_WARN_ABOUT_RETURN_TYPE = YES_ERROR;
				GCC_WARN_UNDECLARED_SELECTOR = YES;
				GCC_WARN_UNINITIALIZED_AUTOS = YES_AGGRESSIVE;
				GCC_WARN_UNUSED_FUNCTION = YES;
				GCC_WARN_UNUSED_VARIABLE = YES;
				IPHONEOS_DEPLOYMENT_TARGET = 8.4;
				MTL_ENABLE_DEBUG_INFO = YES;
				ONLY_ACTIVE_ARCH = YES;
				SDKROOT = iphoneos;
				TARGETED_DEVICE_FAMILY = "1,2";
			};
			name = Debug;
		};
		AA0CF4241BBEE08D0045CB18 /* Release */ = {
			isa = XCBuildConfiguration;
			buildSettings = {
				ALWAYS_SEARCH_USER_PATHS = NO;
				CLANG_CXX_LANGUAGE_STANDARD = "gnu++0x";
				CLANG_CXX_LIBRARY = "libc++";
				CLANG_ENABLE_MODULES = YES;
				CLANG_ENABLE_OBJC_ARC = YES;
				CLANG_WARN_BOOL_CONVERSION = YES;
				CLANG_WARN_CONSTANT_CONVERSION = YES;
				CLANG_WARN_DIRECT_OBJC_ISA_USAGE = YES_ERROR;
				CLANG_WARN_EMPTY_BODY = YES;
				CLANG_WARN_ENUM_CONVERSION = YES;
				CLANG_WARN_INT_CONVERSION = YES;
				CLANG_WARN_OBJC_ROOT_CLASS = YES_ERROR;
				CLANG_WARN_UNREACHABLE_CODE = YES;
				CLANG_WARN__DUPLICATE_METHOD_MATCH = YES;
				"CODE_SIGN_IDENTITY[sdk=iphoneos*]" = "iPhone Developer";
				COPY_PHASE_STRIP = NO;
				DEBUG_INFORMATION_FORMAT = "dwarf-with-dsym";
				ENABLE_NS_ASSERTIONS = NO;
				ENABLE_STRICT_OBJC_MSGSEND = YES;
				GCC_C_LANGUAGE_STANDARD = gnu99;
				GCC_NO_COMMON_BLOCKS = YES;
				GCC_WARN_64_TO_32_BIT_CONVERSION = YES;
				GCC_WARN_ABOUT_RETURN_TYPE = YES_ERROR;
				GCC_WARN_UNDECLARED_SELECTOR = YES;
				GCC_WARN_UNINITIALIZED_AUTOS = YES_AGGRESSIVE;
				GCC_WARN_UNUSED_FUNCTION = YES;
				GCC_WARN_UNUSED_VARIABLE = YES;
				IPHONEOS_DEPLOYMENT_TARGET = 8.4;
				MTL_ENABLE_DEBUG_INFO = NO;
				SDKROOT = iphoneos;
				TARGETED_DEVICE_FAMILY = "1,2";
				VALIDATE_PRODUCT = YES;
			};
			name = Release;
		};
		AA0CF4261BBEE08D0045CB18 /* Debug */ = {
			isa = XCBuildConfiguration;
			buildSettings = {
				ASSETCATALOG_COMPILER_APPICON_NAME = AppIcon;
				INFOPLIST_FILE = tipCalculator/Info.plist;
				LD_RUNPATH_SEARCH_PATHS = "$(inherited) @executable_path/Frameworks";
				PRODUCT_NAME = "$(TARGET_NAME)";
			};
			name = Debug;
		};
		AA0CF4271BBEE08D0045CB18 /* Release */ = {
			isa = XCBuildConfiguration;
			buildSettings = {
				ASSETCATALOG_COMPILER_APPICON_NAME = AppIcon;
				INFOPLIST_FILE = tipCalculator/Info.plist;
				LD_RUNPATH_SEARCH_PATHS = "$(inherited) @executable_path/Frameworks";
				PRODUCT_NAME = "$(TARGET_NAME)";
			};
			name = Release;
		};
		AA0CF4291BBEE08D0045CB18 /* Debug */ = {
			isa = XCBuildConfiguration;
			buildSettings = {
				BUNDLE_LOADER = "$(TEST_HOST)";
				FRAMEWORK_SEARCH_PATHS = (
					"$(SDKROOT)/Developer/Library/Frameworks",
					"$(inherited)",
				);
				GCC_PREPROCESSOR_DEFINITIONS = (
					"DEBUG=1",
					"$(inherited)",
				);
				INFOPLIST_FILE = tipCalculatorTests/Info.plist;
				LD_RUNPATH_SEARCH_PATHS = "$(inherited) @executable_path/Frameworks @loader_path/Frameworks";
				PRODUCT_NAME = "$(TARGET_NAME)";
				TEST_HOST = "$(BUILT_PRODUCTS_DIR)/tipCalculator.app/tipCalculator";
			};
			name = Debug;
		};
		AA0CF42A1BBEE08D0045CB18 /* Release */ = {
			isa = XCBuildConfiguration;
			buildSettings = {
				BUNDLE_LOADER = "$(TEST_HOST)";
				FRAMEWORK_SEARCH_PATHS = (
					"$(SDKROOT)/Developer/Library/Frameworks",
					"$(inherited)",
				);
				INFOPLIST_FILE = tipCalculatorTests/Info.plist;
				LD_RUNPATH_SEARCH_PATHS = "$(inherited) @executable_path/Frameworks @loader_path/Frameworks";
				PRODUCT_NAME = "$(TARGET_NAME)";
				TEST_HOST = "$(BUILT_PRODUCTS_DIR)/tipCalculator.app/tipCalculator";
			};
			name = Release;
		};
/* End XCBuildConfiguration section */

/* Begin XCConfigurationList section */
		AA0CF3FD1BBEE08D0045CB18 /* Build configuration list for PBXProject "tipCalculator" */ = {
			isa = XCConfigurationList;
			buildConfigurations = (
				AA0CF4231BBEE08D0045CB18 /* Debug */,
				AA0CF4241BBEE08D0045CB18 /* Release */,
			);
			defaultConfigurationIsVisible = 0;
			defaultConfigurationName = Release;
		};
		AA0CF4251BBEE08D0045CB18 /* Build configuration list for PBXNativeTarget "tipCalculator" */ = {
			isa = XCConfigurationList;
			buildConfigurations = (
				AA0CF4261BBEE08D0045CB18 /* Debug */,
				AA0CF4271BBEE08D0045CB18 /* Release */,
			);
			defaultConfigurationIsVisible = 0;
		};
		AA0CF4281BBEE08D0045CB18 /* Build configuration list for PBXNativeTarget "tipCalculatorTests" */ = {
			isa = XCConfigurationList;
			buildConfigurations = (
				AA0CF4291BBEE08D0045CB18 /* Debug */,
				AA0CF42A1BBEE08D0045CB18 /* Release */,
			);
			defaultConfigurationIsVisible = 0;
		};
/* End XCConfigurationList section */
	};
	rootObject = AA0CF3FA1BBEE08D0045CB18 /* Project object */;
}
